
Microsoft Visual Studio Solution File, Format Version 12.00
# Visual Studio 15
Project("{FAE04EC0-301F-11D3-BF4B-00C04F79EFBC}") = "Assembly-CSharp", "Assembly-CSharp.csproj", "{E03F3C52-6998-93F9-C6CC-30C951EF561C}"
EndProject
Project("{FAE04EC0-301F-11D3-BF4B-00C04F79EFBC}") = "PhotonUnityNetworking.Demos", "PhotonUnityNetworking.Demos.csproj", "{2F82CC61-56DA-D6BE-05F6-20BCE89DE838}"
EndProject
Project("{FAE04EC0-301F-11D3-BF4B-00C04F79EFBC}") = "PhotonRealtime", "PhotonRealtime.csproj", "{822BF62D-B9BE-1287-DB9D-F5698E12B681}"
EndProject
Project("{FAE04EC0-301F-11D3-BF4B-00C04F79EFBC}") = "PhotonUnityNetworking", "PhotonUnityNetworking.csproj", "{D3C1D27E-911E-07E3-8FB4-628EFC3C32CE}"
EndProject
Project("{FAE04EC0-301F-11D3-BF4B-00C04F79EFBC}") = "PhotonUnityNetworking.Utilities", "PhotonUnityNetworking.Utilities.csproj", "{F865B2E6-EE4E-D9F5-2558-976155426573}"
EndProject
Project("{FAE04EC0-301F-11D3-BF4B-00C04F79EFBC}") = "AimingRig", "AimingRig.csproj", "{B014854E-FBF8-D2CF-32E7-357F5BF8DF4B}"
EndProject
Project("{FAE04EC0-301F-11D3-BF4B-00C04F79EFBC}") = "PhotonChat", "PhotonChat.csproj", "{BA929320-AC2A-62BA-3C94-6C064BB2EA9F}"
EndProject
Project("{FAE04EC0-301F-11D3-BF4B-00C04F79EFBC}") = "PhotonUnityNetworking.Editor", "PhotonUnityNetworking.Editor.csproj", "{DE9E3621-1E8E-26D9-D04D-FAD882D0DA46}"
EndProject
Project("{FAE04EC0-301F-11D3-BF4B-00C04F79EFBC}") = "PhotonUnityNetworking.Utilities.PhotonPlayer.Editor", "PhotonUnityNetworking.Utilities.PhotonPlayer.Editor.csproj", "{95AB26DE-55D5-0314-FCD7-748C813FCF25}"
EndProject
Project("{FAE04EC0-301F-11D3-BF4B-00C04F79EFBC}") = "PunDemos.DemoSlotcarEditor", "PunDemos.DemoSlotcarEditor.csproj", "{D972A985-246F-FE43-CFB4-8D0C13746A36}"
EndProject
Project("{FAE04EC0-301F-11D3-BF4B-00C04F79EFBC}") = "PhotonUnityNetworking.Utilities.Culling.Editor", "PhotonUnityNetworking.Utilities.Culling.Editor.csproj", "{94F7EE8D-3146-9ACE-5C01-9CE1D8ECC64C}"
EndProject
Project("{FAE04EC0-301F-11D3-BF4B-00C04F79EFBC}") = "PunDemos.DemoHubEditor", "PunDemos.DemoHubEditor.csproj", "{BFF4CFEA-5128-3B1B-21BF-725050A9D482}"
EndProject
Project("{FAE04EC0-301F-11D3-BF4B-00C04F79EFBC}") = "Assembly-CSharp-Editor", "Assembly-CSharp-Editor.csproj", "{12B0BC44-ED95-6888-F0F1-2EA8009D0515}"
EndProject
Global
	GlobalSection(SolutionConfigurationPlatforms) = preSolution
		Debug|Any CPU = Debug|Any CPU
		Release|Any CPU = Release|Any CPU
	EndGlobalSection
	GlobalSection(ProjectConfigurationPlatforms) = postSolution
		{E03F3C52-6998-93F9-C6CC-30C951EF561C}.Debug|Any CPU.ActiveCfg = Debug|Any CPU
		{E03F3C52-6998-93F9-C6CC-30C951EF561C}.Debug|Any CPU.Build.0 = Debug|Any CPU
		{E03F3C52-6998-93F9-C6CC-30C951EF561C}.Release|Any CPU.ActiveCfg = Release|Any CPU
		{E03F3C52-6998-93F9-C6CC-30C951EF561C}.Release|Any CPU.Build.0 = Release|Any CPU
		{2F82CC61-56DA-D6BE-05F6-20BCE89DE838}.Debug|Any CPU.ActiveCfg = Debug|Any CPU
		{2F82CC61-56DA-D6BE-05F6-20BCE89DE838}.Debug|Any CPU.Build.0 = Debug|Any CPU
		{2F82CC61-56DA-D6BE-05F6-20BCE89DE838}.Release|Any CPU.ActiveCfg = Release|Any CPU
		{2F82CC61-56DA-D6BE-05F6-20BCE89DE838}.Release|Any CPU.Build.0 = Release|Any CPU
		{822BF62D-B9BE-1287-DB9D-F5698E12B681}.Debug|Any CPU.ActiveCfg = Debug|Any CPU
		{822BF62D-B9BE-1287-DB9D-F5698E12B681}.Debug|Any CPU.Build.0 = Debug|Any CPU
		{822BF62D-B9BE-1287-DB9D-F5698E12B681}.Release|Any CPU.ActiveCfg = Release|Any CPU
		{822BF62D-B9BE-1287-DB9D-F5698E12B681}.Release|Any CPU.Build.0 = Release|Any CPU
		{D3C1D27E-911E-07E3-8FB4-628EFC3C32CE}.Debug|Any CPU.ActiveCfg = Debug|Any CPU
		{D3C1D27E-911E-07E3-8FB4-628EFC3C32CE}.Debug|Any CPU.Build.0 = Debug|Any CPU
		{D3C1D27E-911E-07E3-8FB4-628EFC3C32CE}.Release|Any CPU.ActiveCfg = Release|Any CPU
		{D3C1D27E-911E-07E3-8FB4-628EFC3C32CE}.Release|Any CPU.Build.0 = Release|Any CPU
		{F865B2E6-EE4E-D9F5-2558-976155426573}.Debug|Any CPU.ActiveCfg = Debug|Any CPU
		{F865B2E6-EE4E-D9F5-2558-976155426573}.Debug|Any CPU.Build.0 = Debug|Any CPU
		{F865B2E6-EE4E-D9F5-2558-976155426573}.Release|Any CPU.ActiveCfg = Release|Any CPU
		{F865B2E6-EE4E-D9F5-2558-976155426573}.Release|Any CPU.Build.0 = Release|Any CPU
		{B014854E-FBF8-D2CF-32E7-357F5BF8DF4B}.Debug|Any CPU.ActiveCfg = Debug|Any CPU
		{B014854E-FBF8-D2CF-32E7-357F5BF8DF4B}.Debug|Any CPU.Build.0 = Debug|Any CPU
		{B014854E-FBF8-D2CF-32E7-357F5BF8DF4B}.Release|Any CPU.ActiveCfg = Release|Any CPU
		{B014854E-FBF8-D2CF-32E7-357F5BF8DF4B}.Release|Any CPU.Build.0 = Release|Any CPU
		{BA929320-AC2A-62BA-3C94-6C064BB2EA9F}.Debug|Any CPU.ActiveCfg = Debug|Any CPU
		{BA929320-AC2A-62BA-3C94-6C064BB2EA9F}.Debug|Any CPU.Build.0 = Debug|Any CPU
		{BA929320-AC2A-62BA-3C94-6C064BB2EA9F}.Release|Any CPU.ActiveCfg = Release|Any CPU
		{BA929320-AC2A-62BA-3C94-6C064BB2EA9F}.Release|Any CPU.Build.0 = Release|Any CPU
		{DE9E3621-1E8E-26D9-D04D-FAD882D0DA46}.Debug|Any CPU.ActiveCfg = Debug|Any CPU
		{DE9E3621-1E8E-26D9-D04D-FAD882D0DA46}.Debug|Any CPU.Build.0 = Debug|Any CPU
		{DE9E3621-1E8E-26D9-D04D-FAD882D0DA46}.Release|Any CPU.ActiveCfg = Release|Any CPU
		{DE9E3621-1E8E-26D9-D04D-FAD882D0DA46}.Release|Any CPU.Build.0 = Release|Any CPU
		{95AB26DE-55D5-0314-FCD7-748C813FCF25}.Debug|Any CPU.ActiveCfg = Debug|Any CPU
		{95AB26DE-55D5-0314-FCD7-748C813FCF25}.Debug|Any CPU.Build.0 = Debug|Any CPU
		{95AB26DE-55D5-0314-FCD7-748C813FCF25}.Release|Any CPU.ActiveCfg = Release|Any CPU
		{95AB26DE-55D5-0314-FCD7-748C813FCF25}.Release|Any CPU.Build.0 = Release|Any CPU
		{D972A985-246F-FE43-CFB4-8D0C13746A36}.Debug|Any CPU.ActiveCfg = Debug|Any CPU
		{D972A985-246F-FE43-CFB4-8D0C13746A36}.Debug|Any CPU.Build.0 = Debug|Any CPU
		{D972A985-246F-FE43-CFB4-8D0C13746A36}.Release|Any CPU.ActiveCfg = Release|Any CPU
		{D972A985-246F-FE43-CFB4-8D0C13746A36}.Release|Any CPU.Build.0 = Release|Any CPU
		{94F7EE8D-3146-9ACE-5C01-9CE1D8ECC64C}.Debug|Any CPU.ActiveCfg = Debug|Any CPU
		{94F7EE8D-3146-9ACE-5C01-9CE1D8ECC64C}.Debug|Any CPU.Build.0 = Debug|Any CPU
		{94F7EE8D-3146-9ACE-5C01-9CE1D8ECC64C}.Release|Any CPU.ActiveCfg = Release|Any CPU
		{94F7EE8D-3146-9ACE-5C01-9CE1D8ECC64C}.Release|Any CPU.Build.0 = Release|Any CPU
		{BFF4CFEA-5128-3B1B-21BF-725050A9D482}.Debug|Any CPU.ActiveCfg = Debug|Any CPU
		{BFF4CFEA-5128-3B1B-21BF-725050A9D482}.Debug|Any CPU.Build.0 = Debug|Any CPU
		{BFF4CFEA-5128-3B1B-21BF-725050A9D482}.Release|Any CPU.ActiveCfg = Release|Any CPU
		{BFF4CFEA-5128-3B1B-21BF-725050A9D482}.Release|Any CPU.Build.0 = Release|Any CPU
		{12B0BC44-ED95-6888-F0F1-2EA8009D0515}.Debug|Any CPU.ActiveCfg = Debug|Any CPU
		{12B0BC44-ED95-6888-F0F1-2EA8009D0515}.Debug|Any CPU.Build.0 = Debug|Any CPU
		{12B0BC44-ED95-6888-F0F1-2EA8009D0515}.Release|Any CPU.ActiveCfg = Release|Any CPU
		{12B0BC44-ED95-6888-F0F1-2EA8009D0515}.Release|Any CPU.Build.0 = Release|Any CPU
	EndGlobalSection
	GlobalSection(SolutionProperties) = preSolution
		HideSolutionNode = FALSE
	EndGlobalSection
EndGlobal
